
Microsoft Visual Studio Solution File, Format Version 12.00
# Visual Studio Version 17
VisualStudioVersion = 17.2.32526.322
MinimumVisualStudioVersion = 10.0.40219.1
Project("{9A19103F-16F7-4668-BE54-9A1E7A4F7556}") = "Backend", "Backend.csproj", "{40323083-D669-448D-BEA9-909B9AB13F94}"
EndProject
Global
	GlobalSection(SolutionConfigurationPlatforms) = preSolution
		Debug|Any CPU = Debug|Any CPU
		Release|Any CPU = Release|Any CPU
	EndGlobalSection
	GlobalSection(ProjectConfigurationPlatforms) = postSolution
		{40323083-D669-448D-BEA9-909B9AB13F94}.Debug|Any CPU.ActiveCfg = Debug|Any CPU
		{40323083-D669-448D-BEA9-909B9AB13F94}.Debug|Any CPU.Build.0 = Debug|Any CPU
		{40323083-D669-448D-BEA9-909B9AB13F94}.Release|Any CPU.ActiveCfg = Release|Any CPU
		{40323083-D669-448D-BEA9-909B9AB13F94}.Release|Any CPU.Build.0 = Release|Any CPU
	EndGlobalSection
	GlobalSection(SolutionProperties) = preSolution
		HideSolutionNode = FALSE
	EndGlobalSection
	GlobalSection(ExtensibilityGlobals) = postSolution
		SolutionGuid = {630E594A-DC88-4CB0-988E-7B441C7D05E5}
	EndGlobalSection
EndGlobal
